# THIS IS AN AUTOGENERATED FILE. DO NOT EDIT THIS FILE DIRECTLY.
# yarn lockfile v1


"@nervosnetwork/ckb-types@0.26.2":
  version "0.26.2"
  resolved "https://registry.yarnpkg.com/@nervosnetwork/ckb-types/-/ckb-types-0.26.2.tgz#828f9c7c9b4a500f125487b1c45333bac25b6462"
  integrity sha512-OTq8kZ428Ec2EY3ktfYsYEZwscuB7ARkwipDuOUzB+4Fyr7X36Ca/wCDkRWqmPfQbWizK67+asPt7KTaML7skA==

"@types/bitcoinjs-lib@4.0.1":
  version "4.0.1"
  resolved "https://registry.yarnpkg.com/@types/bitcoinjs-lib/-/bitcoinjs-lib-4.0.1.tgz#9bfeb09c4051860c82c1b4e907498c5232c36917"
  integrity sha512-w5BzfIwdHhEB1kM4pA9AGYbS1U+YfA3DUJ6CSUZgp2DySECA47FH9J1wngLjkQaJHnRfLXoSAZrlPTK8rKmwXw==
  dependencies:
    "@types/node" "*"

"@types/bn.js@*":
  version "4.11.5"
  resolved "https://registry.yarnpkg.com/@types/bn.js/-/bn.js-4.11.5.tgz#40e36197433f78f807524ec623afcf0169ac81dc"
  integrity sha512-AEAZcIZga0JgVMHNtl1CprA/hXX7/wPt79AgR4XqaDt7jyj3QWYw6LPoOiznPtugDmlubUnAahMs2PFxGcQrng==
  dependencies:
    "@types/node" "*"

"@types/elliptic@6.4.8":
  version "6.4.8"
  resolved "https://registry.yarnpkg.com/@types/elliptic/-/elliptic-6.4.8.tgz#9875bb1ccdfeaf786a2713375f7934f73da57adb"
  integrity sha512-1BaK+iQLH0c33RGRhE8gMbmMF1q4YUCzB4DbP7vz/Ohex0iP2NfOlJlZMDGkqu45IoMirUJe6KZfEdFtYPk1Kg==
  dependencies:
    "@types/bn.js" "*"

"@types/node@*":
  version "12.12.21"
  resolved "https://registry.yarnpkg.com/@types/node/-/node-12.12.21.tgz#aa44a6363291c7037111c47e4661ad210aded23f"
  integrity sha512-8sRGhbpU+ck1n0PGAUgVrWrWdjSW2aqNeyC15W88GRsMpSwzv6RJGlLhE7s2RhVSOdyDmxbqlWSeThq4/7xqlA==

"@types/utf8@2.1.6":
  version "2.1.6"
  resolved "https://registry.yarnpkg.com/@types/utf8/-/utf8-2.1.6.tgz#430cabb71a42d0a3613cce5621324fe4f5a25753"
  integrity sha512-pRs2gYF5yoKYrgSaira0DJqVg2tFuF+Qjp838xS7K+mJyY2jJzjsrl6y17GbIa4uMRogMbxs+ghNCvKg6XyNrA==

blake2b-wasm@1.1.7:
  version "1.1.7"
  resolved "https://registry.yarnpkg.com/blake2b-wasm/-/blake2b-wasm-1.1.7.tgz#e4d075da10068e5d4c3ec1fb9accc4d186c55d81"
  integrity sha512-oFIHvXhlz/DUgF0kq5B1CqxIDjIJwh9iDeUUGQUcvgiGz7Wdw03McEO7CfLBy7QKGdsydcMCgO9jFNBAFCtFcA==
  dependencies:
    nanoassert "^1.0.0"

bn.js@^4.4.0:
  version "4.11.8"
  resolved "https://registry.yarnpkg.com/bn.js/-/bn.js-4.11.8.tgz#2cde09eb5ee341f484746bb0309b3253b1b1442f"
  integrity sha512-ItfYfPLkWHUjckQCk8xC+LwxgK8NYcXywGigJgSwOP8Y2iyWT4f2vsZnoOXTTbo+o5yXmIUJ4gn5538SO5S3gA==

brorand@^1.0.1:
  version "1.1.0"
  resolved "https://registry.yarnpkg.com/brorand/-/brorand-1.1.0.tgz#12c25efe40a45e3c323eb8675a0a0ce57b22371f"
  integrity sha1-EsJe/kCkXjwyPrhnWgoM5XsiNx8=

elliptic@6.5.1:
  version "6.5.1"
  resolved "https://registry.yarnpkg.com/elliptic/-/elliptic-6.5.1.tgz#c380f5f909bf1b9b4428d028cd18d3b0efd6b52b"
  integrity sha512-xvJINNLbTeWQjrl6X+7eQCrIy/YPv5XCpKW6kB5mKvtnGILoLDcySuwomfdzt0BMdLNVnuRNTuzKNHj0bva1Cg==
  dependencies:
    bn.js "^4.4.0"
    brorand "^1.0.1"
    hash.js "^1.0.0"
    hmac-drbg "^1.0.0"
    inherits "^2.0.1"
    minimalistic-assert "^1.0.0"
    minimalistic-crypto-utils "^1.0.0"

hash.js@^1.0.0, hash.js@^1.0.3:
  version "1.1.7"
  resolved "https://registry.yarnpkg.com/hash.js/-/hash.js-1.1.7.tgz#0babca538e8d4ee4a0f8988d68866537a003cf42"
  integrity sha512-taOaskGt4z4SOANNseOviYDvjEJinIkRgmp7LbKP2YTTmVxWBl87s/uzK9r+44BclBSp2X7K1hqeNfz9JbBeXA==
  dependencies:
    inherits "^2.0.3"
    minimalistic-assert "^1.0.1"

hmac-drbg@^1.0.0:
  version "1.0.1"
  resolved "https://registry.yarnpkg.com/hmac-drbg/-/hmac-drbg-1.0.1.tgz#d2745701025a6c775a6c545793ed502fc0c649a1"
  integrity sha1-0nRXAQJabHdabFRXk+1QL8DGSaE=
  dependencies:
    hash.js "^1.0.3"
    minimalistic-assert "^1.0.0"
    minimalistic-crypto-utils "^1.0.1"

inherits@^2.0.1, inherits@^2.0.3:
  version "2.0.4"
  resolved "https://registry.yarnpkg.com/inherits/-/inherits-2.0.4.tgz#0fa2c64f932917c3433a0ded55363aae37416b7c"
  integrity sha512-k/vGaX4/Yla3WzyMCvTQOXYeIHvqOKtnqBduzTHpzpQZzAskKMhZ2K+EnBiSM9zGSoIFeMpXKxa4dYeZIQqewQ==

jsbi@3.1.1:
  version "3.1.1"
  resolved "https://registry.yarnpkg.com/jsbi/-/jsbi-3.1.1.tgz#8ea18b3e08d102c6cc09acaa9a099921d775f4fa"
  integrity sha512-+HQESPaV0mRiH614z4JPVPAftcRC2p53x92lySPzUzFwJbJTMpzHz8OYUkcXPN3fOcHUe0NdVcHnCtX/1+eCrA==

minimalistic-assert@^1.0.0, minimalistic-assert@^1.0.1:
  version "1.0.1"
  resolved "https://registry.yarnpkg.com/minimalistic-assert/-/minimalistic-assert-1.0.1.tgz#2e194de044626d4a10e7f7fbc00ce73e83e4d5c7"
  integrity sha512-UtJcAD4yEaGtjPezWuO9wC4nwUnVH/8/Im3yEHQP4b67cXlD/Qr9hdITCU1xDbSEXg2XKNaP8jsReV7vQd00/A==

minimalistic-crypto-utils@^1.0.0, minimalistic-crypto-utils@^1.0.1:
  version "1.0.1"
  resolved "https://registry.yarnpkg.com/minimalistic-crypto-utils/-/minimalistic-crypto-utils-1.0.1.tgz#f6c00c1c0b082246e5c4d99dfb8c7c083b2b582a"
  integrity sha1-9sAMHAsIIkblxNmd+4x8CDsrWCo=

nanoassert@^1.0.0:
  version "1.1.0"
  resolved "https://registry.yarnpkg.com/nanoassert/-/nanoassert-1.1.0.tgz#4f3152e09540fde28c76f44b19bbcd1d5a42478d"
  integrity sha1-TzFS4JVA/eKMdvRLGbvNHVpCR40=

nanoassert@^2.0.0:
  version "2.0.0"
  resolved "https://registry.yarnpkg.com/nanoassert/-/nanoassert-2.0.0.tgz#a05f86de6c7a51618038a620f88878ed1e490c09"
  integrity sha512-7vO7n28+aYO4J+8w96AzhmU8G+Y/xpPDJz/se19ICsqj/momRbb9mh9ZUtkoJ5X3nTnPdhEJyc0qnM6yAsHBaA==
